{
  "name": "cloud-run-quickstart",
  "version": "1.0.0",
  "lockfileVersion": 2,
  "requires": true,
  "packages": {
    "": {
      "name": "cloud-run-quickstart",
      "version": "1.0.0",
      "license": "ISC",
      "devDependencies": {
        "@tsconfig/node18-strictest": "^1.0.0"
      }
    },
    "node_modules/@tsconfig/node18-strictest": {
      "version": "1.0.0",
      "resolved": "https://registry.npmjs.org/@tsconfig/node18-strictest/-/node18-strictest-1.0.0.tgz",
      "integrity": "sha512-bOuNKwO4Fzbt+Su5wqI9zNHwx5C25gLnutwVQA1sBZk0cW8UjVPVcwzIUhJIIJDUx7zDEbAwdCD2HfvIsV8dYg==",
      "dev": true
    }
  },
  "dependencies": {
    "@tsconfig/node18-strictest": {
      "version": "1.0.0",
      "resolved": "https://registry.npmjs.org/@tsconfig/node18-strictest/-/node18-strictest-1.0.0.tgz",
      "integrity": "sha512-bOuNKwO4Fzbt+Su5wqI9zNHwx5C25gLnutwVQA1sBZk0cW8UjVPVcwzIUhJIIJDUx7zDEbAwdCD2HfvIsV8dYg==",
      "dev": true
    }
  }
}
